{
  "name": "boolean-search",
  "version": "0.0.2",
  "lockfileVersion": 1,
  "requires": true,
  "dependencies": {
    "cleanchar": {
      "version": "0.1.0",
      "resolved": "https://registry.npmjs.org/cleanchar/-/cleanchar-0.1.0.tgz",
      "integrity": "sha512-L5FAVhIuQxQKU3GfWWaWVhp+8nQhMcWB+gTp63dM4T+3XHSrl1AcUm7Y+/iyDOoavvTuKrIADVbDum0tUcvyrw=="
    },
    "tck": {
      "version": "1.0.7",
      "resolved": "https://registry.npmjs.org/tck/-/tck-1.0.7.tgz",
      "integrity": "sha512-BOJ+Jer4BKmJGIRZa5O+FcJs7zNB1cCbEZyKNFFbJ0/RCyn6VbhQJGQwPHiAf8WBoCjkS1fmDoUd/F94Ae4olw=="
    }
  }
}
