{
  "name": "boolean-search",
  "version": "0.2.3",
  "lockfileVersion": 1,
  "requires": true,
  "dependencies": {
    "cleanchar": {
      "version": "0.1.4",
      "resolved": "https://registry.npmjs.org/cleanchar/-/cleanchar-0.1.4.tgz",
      "integrity": "sha512-dhDRQTDKNDxGACqZORiqn4JuCquKs78g/qmkcLnKQrhTJ0I7wG+Mr282Y5zutHuews5k7//5cqoHUJ7FqLdT9A==",
      "requires": {
        "tck": "1.0.7"
      }
    },
    "tck": {
      "version": "1.0.7",
      "resolved": "https://registry.npmjs.org/tck/-/tck-1.0.7.tgz",
      "integrity": "sha512-BOJ+Jer4BKmJGIRZa5O+FcJs7zNB1cCbEZyKNFFbJ0/RCyn6VbhQJGQwPHiAf8WBoCjkS1fmDoUd/F94Ae4olw=="
    }
  }
}
