{
  "name": "boolean-search",
  "version": "0.0.1",
  "lockfileVersion": 1,
  "requires": true,
  "dependencies": {
    "cleanchar": {
      "version": "0.0.4",
      "resolved": "https://registry.npmjs.org/cleanchar/-/cleanchar-0.0.4.tgz",
      "integrity": "sha512-M9ozfbLvJ9piuafVmDG84rVxIrqcNxKWM8zIYGj0M+Ef0Da9b83S8Go8HuO2mF73zty/wobNN8fhkeloEB7/Fg=="
    },
    "tck": {
      "version": "1.0.7",
      "resolved": "https://registry.npmjs.org/tck/-/tck-1.0.7.tgz",
      "integrity": "sha512-BOJ+Jer4BKmJGIRZa5O+FcJs7zNB1cCbEZyKNFFbJ0/RCyn6VbhQJGQwPHiAf8WBoCjkS1fmDoUd/F94Ae4olw=="
    }
  }
}
